// !$*UTF8*$!
{
	archiveVersion = 1;
	classes = {
	};
	objectVersion = 56;
	objects = {

/* Begin PBXBuildFile section */
		9418629B2A99564600CCFEE1 /* NBSFuseAPIRouter.h in Headers */ = {isa = PBXBuildFile; fileRef = 9418629A2A99564600CCFEE1 /* NBSFuseAPIRouter.h */; settings = {ATTRIBUTES = (Public, ); }; };
		9418629D2A9956F100CCFEE1 /* NBSFuseAPIRouter.m in Sources */ = {isa = PBXBuildFile; fileRef = 9418629C2A9956F100CCFEE1 /* NBSFuseAPIRouter.m */; };
		9418629F2A995BDC00CCFEE1 /* NBSFuseAPIPacket.h in Headers */ = {isa = PBXBuildFile; fileRef = 9418629E2A995BDC00CCFEE1 /* NBSFuseAPIPacket.h */; settings = {ATTRIBUTES = (Public, ); }; };
		941862A12A995C4F00CCFEE1 /* NBSFuseAPIPacket.m in Sources */ = {isa = PBXBuildFile; fileRef = 941862A02A995C4F00CCFEE1 /* NBSFuseAPIPacket.m */; };
		941862A32A99617100CCFEE1 /* NBSFuseAPIResponse.h in Headers */ = {isa = PBXBuildFile; fileRef = 941862A22A99617100CCFEE1 /* NBSFuseAPIResponse.h */; settings = {ATTRIBUTES = (Public, ); }; };
		941862A52A996F7900CCFEE1 /* NBSFuseAPIResponse.m in Sources */ = {isa = PBXBuildFile; fileRef = 941862A42A996F7900CCFEE1 /* NBSFuseAPIResponse.m */; };
		941862AB2A9FE5F700CCFEE1 /* NBSFuseError.h in Headers */ = {isa = PBXBuildFile; fileRef = 941862AA2A9FE5F700CCFEE1 /* NBSFuseError.h */; settings = {ATTRIBUTES = (Public, ); }; };
		941862AD2A9FE65E00CCFEE1 /* NBSFuseError.m in Sources */ = {isa = PBXBuildFile; fileRef = 941862AC2A9FE65E00CCFEE1 /* NBSFuseError.m */; };
		9489EB982AA54FA40087424D /* NBSFuseRuntime.h in Headers */ = {isa = PBXBuildFile; fileRef = 9489EB972AA54FA40087424D /* NBSFuseRuntime.h */; settings = {ATTRIBUTES = (Public, ); }; };
		9489EB9A2AA54FED0087424D /* NBSFuseRuntime.m in Sources */ = {isa = PBXBuildFile; fileRef = 9489EB992AA54FED0087424D /* NBSFuseRuntime.m */; };
		9489EB9F2AA61A1C0087424D /* NBSFuseWebviewUIDelegation.h in Headers */ = {isa = PBXBuildFile; fileRef = 9489EB9E2AA61A1C0087424D /* NBSFuseWebviewUIDelegation.h */; settings = {ATTRIBUTES = (Public, ); }; };
		9489EBA12AA61A770087424D /* NBSFuseWebviewUIDelegation.m in Sources */ = {isa = PBXBuildFile; fileRef = 9489EBA02AA61A770087424D /* NBSFuseWebviewUIDelegation.m */; };
		9489EBA32AA621A70087424D /* NBSFuseViewController.h in Headers */ = {isa = PBXBuildFile; fileRef = 9489EBA22AA621A70087424D /* NBSFuseViewController.h */; settings = {ATTRIBUTES = (Public, ); }; };
		9489EBA52AA623B70087424D /* NBSFuseViewController.m in Sources */ = {isa = PBXBuildFile; fileRef = 9489EBA42AA623B70087424D /* NBSFuseViewController.m */; };
		9489EBAE2AA6445C0087424D /* Localizable.strings in Resources */ = {isa = PBXBuildFile; fileRef = 9489EBB02AA6445C0087424D /* Localizable.strings */; };
		9489EBB82AA659D70087424D /* NBSFuseLocalization.h in Headers */ = {isa = PBXBuildFile; fileRef = 9489EBB72AA659D70087424D /* NBSFuseLocalization.h */; settings = {ATTRIBUTES = (Public, ); }; };
		9489EBBA2AA65A990087424D /* NBSFuseLocalization.m in Sources */ = {isa = PBXBuildFile; fileRef = 9489EBB92AA65A990087424D /* NBSFuseLocalization.m */; };
		94A886B72A714F6D0098530D /* NBSFuse.h in Headers */ = {isa = PBXBuildFile; fileRef = 94A8865C2A702C6C0098530D /* NBSFuse.h */; settings = {ATTRIBUTES = (Public, ); }; };
		94A886B82A714F6D0098530D /* NBSFuseContext.h in Headers */ = {isa = PBXBuildFile; fileRef = 94A886632A702D240098530D /* NBSFuseContext.h */; settings = {ATTRIBUTES = (Public, ); }; };
		94A886B92A714F6D0098530D /* NBSFuseSchemeHandler.h in Headers */ = {isa = PBXBuildFile; fileRef = 94A886682A702F020098530D /* NBSFuseSchemeHandler.h */; settings = {ATTRIBUTES = (Public, ); }; };
		94A886BB2A714F6D0098530D /* NBSFuseSchemeHandler.m in Sources */ = {isa = PBXBuildFile; fileRef = 94A8866A2A702F430098530D /* NBSFuseSchemeHandler.m */; };
		94A886BC2A714F6D0098530D /* NBSFuseContext.m in Sources */ = {isa = PBXBuildFile; fileRef = 94A886662A702D6A0098530D /* NBSFuseContext.m */; };
		94A886DC2A7169920098530D /* NBSFusePlugin.h in Headers */ = {isa = PBXBuildFile; fileRef = 94A886DB2A7169920098530D /* NBSFusePlugin.h */; settings = {ATTRIBUTES = (Public, ); }; };
		94A886DE2A716A0C0098530D /* NBSFusePlugin.m in Sources */ = {isa = PBXBuildFile; fileRef = 94A886DD2A716A0C0098530D /* NBSFusePlugin.m */; };
		94B0A68F2AB776DC008C291A /* NBSFuseAPIServer.h in Headers */ = {isa = PBXBuildFile; fileRef = 94B0A68E2AB776DC008C291A /* NBSFuseAPIServer.h */; settings = {ATTRIBUTES = (Public, ); }; };
		94B0A6932AB77790008C291A /* NBSFuseAPIServer.m in Sources */ = {isa = PBXBuildFile; fileRef = 94B0A6922AB77790008C291A /* NBSFuseAPIServer.m */; };
/* End PBXBuildFile section */

/* Begin PBXFileReference section */
		9418629A2A99564600CCFEE1 /* NBSFuseAPIRouter.h */ = {isa = PBXFileReference; lastKnownFileType = sourcecode.c.h; path = NBSFuseAPIRouter.h; sourceTree = "<group>"; };
		9418629C2A9956F100CCFEE1 /* NBSFuseAPIRouter.m */ = {isa = PBXFileReference; lastKnownFileType = sourcecode.c.objc; path = NBSFuseAPIRouter.m; sourceTree = "<group>"; };
		9418629E2A995BDC00CCFEE1 /* NBSFuseAPIPacket.h */ = {isa = PBXFileReference; lastKnownFileType = sourcecode.c.h; path = NBSFuseAPIPacket.h; sourceTree = "<group>"; };
		941862A02A995C4F00CCFEE1 /* NBSFuseAPIPacket.m */ = {isa = PBXFileReference; lastKnownFileType = sourcecode.c.objc; path = NBSFuseAPIPacket.m; sourceTree = "<group>"; };
		941862A22A99617100CCFEE1 /* NBSFuseAPIResponse.h */ = {isa = PBXFileReference; lastKnownFileType = sourcecode.c.h; path = NBSFuseAPIResponse.h; sourceTree = "<group>"; };
		941862A42A996F7900CCFEE1 /* NBSFuseAPIResponse.m */ = {isa = PBXFileReference; lastKnownFileType = sourcecode.c.objc; path = NBSFuseAPIResponse.m; sourceTree = "<group>"; };
		941862AA2A9FE5F700CCFEE1 /* NBSFuseError.h */ = {isa = PBXFileReference; lastKnownFileType = sourcecode.c.h; path = NBSFuseError.h; sourceTree = "<group>"; };
		941862AC2A9FE65E00CCFEE1 /* NBSFuseError.m */ = {isa = PBXFileReference; lastKnownFileType = sourcecode.c.objc; path = NBSFuseError.m; sourceTree = "<group>"; };
		9489EB972AA54FA40087424D /* NBSFuseRuntime.h */ = {isa = PBXFileReference; lastKnownFileType = sourcecode.c.h; path = NBSFuseRuntime.h; sourceTree = "<group>"; };
		9489EB992AA54FED0087424D /* NBSFuseRuntime.m */ = {isa = PBXFileReference; lastKnownFileType = sourcecode.c.objc; path = NBSFuseRuntime.m; sourceTree = "<group>"; };
		9489EB9E2AA61A1C0087424D /* NBSFuseWebviewUIDelegation.h */ = {isa = PBXFileReference; lastKnownFileType = sourcecode.c.h; path = NBSFuseWebviewUIDelegation.h; sourceTree = "<group>"; };
		9489EBA02AA61A770087424D /* NBSFuseWebviewUIDelegation.m */ = {isa = PBXFileReference; lastKnownFileType = sourcecode.c.objc; path = NBSFuseWebviewUIDelegation.m; sourceTree = "<group>"; };
		9489EBA22AA621A70087424D /* NBSFuseViewController.h */ = {isa = PBXFileReference; lastKnownFileType = sourcecode.c.h; path = NBSFuseViewController.h; sourceTree = "<group>"; };
		9489EBA42AA623B70087424D /* NBSFuseViewController.m */ = {isa = PBXFileReference; lastKnownFileType = sourcecode.c.objc; path = NBSFuseViewController.m; sourceTree = "<group>"; };
		9489EBAF2AA6445C0087424D /* en */ = {isa = PBXFileReference; lastKnownFileType = text.plist.strings; name = en; path = en.lproj/Localizable.strings; sourceTree = "<group>"; };
		9489EBB72AA659D70087424D /* NBSFuseLocalization.h */ = {isa = PBXFileReference; lastKnownFileType = sourcecode.c.h; path = NBSFuseLocalization.h; sourceTree = "<group>"; };
		9489EBB92AA65A990087424D /* NBSFuseLocalization.m */ = {isa = PBXFileReference; lastKnownFileType = sourcecode.c.objc; path = NBSFuseLocalization.m; sourceTree = "<group>"; };
		94A8865C2A702C6C0098530D /* NBSFuse.h */ = {isa = PBXFileReference; lastKnownFileType = sourcecode.c.h; path = NBSFuse.h; sourceTree = "<group>"; };
		94A886632A702D240098530D /* NBSFuseContext.h */ = {isa = PBXFileReference; lastKnownFileType = sourcecode.c.h; path = NBSFuseContext.h; sourceTree = "<group>"; };
		94A886662A702D6A0098530D /* NBSFuseContext.m */ = {isa = PBXFileReference; lastKnownFileType = sourcecode.c.objc; path = NBSFuseContext.m; sourceTree = "<group>"; };
		94A886682A702F020098530D /* NBSFuseSchemeHandler.h */ = {isa = PBXFileReference; lastKnownFileType = sourcecode.c.h; path = NBSFuseSchemeHandler.h; sourceTree = "<group>"; };
		94A8866A2A702F430098530D /* NBSFuseSchemeHandler.m */ = {isa = PBXFileReference; lastKnownFileType = sourcecode.c.objc; path = NBSFuseSchemeHandler.m; sourceTree = "<group>"; };
		94A886C22A714F6D0098530D /* NBSFuse.framework */ = {isa = PBXFileReference; explicitFileType = wrapper.framework; includeInIndex = 0; path = NBSFuse.framework; sourceTree = BUILT_PRODUCTS_DIR; };
		94A886DB2A7169920098530D /* NBSFusePlugin.h */ = {isa = PBXFileReference; lastKnownFileType = sourcecode.c.h; path = NBSFusePlugin.h; sourceTree = "<group>"; };
		94A886DD2A716A0C0098530D /* NBSFusePlugin.m */ = {isa = PBXFileReference; lastKnownFileType = sourcecode.c.objc; path = NBSFusePlugin.m; sourceTree = "<group>"; };
		94B0A68E2AB776DC008C291A /* NBSFuseAPIServer.h */ = {isa = PBXFileReference; lastKnownFileType = sourcecode.c.h; path = NBSFuseAPIServer.h; sourceTree = "<group>"; };
		94B0A6922AB77790008C291A /* NBSFuseAPIServer.m */ = {isa = PBXFileReference; lastKnownFileType = sourcecode.c.objc; path = NBSFuseAPIServer.m; sourceTree = "<group>"; };
/* End PBXFileReference section */

/* Begin PBXFrameworksBuildPhase section */
		94A886BD2A714F6D0098530D /* Frameworks */ = {
			isa = PBXFrameworksBuildPhase;
			buildActionMask = 2147483647;
			files = (
			);
			runOnlyForDeploymentPostprocessing = 0;
		};
/* End PBXFrameworksBuildPhase section */

/* Begin PBXGroup section */
		9489EB9B2AA5507B0087424D /* plugins */ = {
			isa = PBXGroup;
			children = (
				9489EB972AA54FA40087424D /* NBSFuseRuntime.h */,
			);
			path = plugins;
			sourceTree = "<group>";
		};
		9489EB9C2AA5508C0087424D /* plugins */ = {
			isa = PBXGroup;
			children = (
				9489EB992AA54FED0087424D /* NBSFuseRuntime.m */,
			);
			path = plugins;
			sourceTree = "<group>";
		};
		9489EBA62AA640ED0087424D /* localization */ = {
			isa = PBXGroup;
			children = (
				9489EBB02AA6445C0087424D /* Localizable.strings */,
			);
			name = localization;
			sourceTree = "<group>";
		};
		94A8864F2A702C6C0098530D = {
			isa = PBXGroup;
			children = (
				9489EBA62AA640ED0087424D /* localization */,
				94A886652A702D3A0098530D /* src */,
				94A8865B2A702C6C0098530D /* NBSFuse */,
				94A8865A2A702C6C0098530D /* Products */,
				B09295BDA9DD81FE38C25D6F /* Frameworks */,
			);
			sourceTree = "<group>";
		};
		94A8865A2A702C6C0098530D /* Products */ = {
			isa = PBXGroup;
			children = (
				94A886C22A714F6D0098530D /* NBSFuse.framework */,
			);
			name = Products;
			sourceTree = "<group>";
		};
		94A8865B2A702C6C0098530D /* NBSFuse */ = {
			isa = PBXGroup;
			children = (
				9489EB9B2AA5507B0087424D /* plugins */,
				94A8865C2A702C6C0098530D /* NBSFuse.h */,
				94A886632A702D240098530D /* NBSFuseContext.h */,
				94A886682A702F020098530D /* NBSFuseSchemeHandler.h */,
				94B0A68E2AB776DC008C291A /* NBSFuseAPIServer.h */,
				94A886DB2A7169920098530D /* NBSFusePlugin.h */,
				9418629A2A99564600CCFEE1 /* NBSFuseAPIRouter.h */,
				9418629E2A995BDC00CCFEE1 /* NBSFuseAPIPacket.h */,
				941862A22A99617100CCFEE1 /* NBSFuseAPIResponse.h */,
				941862AA2A9FE5F700CCFEE1 /* NBSFuseError.h */,
				9489EB9E2AA61A1C0087424D /* NBSFuseWebviewUIDelegation.h */,
				9489EBA22AA621A70087424D /* NBSFuseViewController.h */,
				9489EBB72AA659D70087424D /* NBSFuseLocalization.h */,
			);
			path = NBSFuse;
			sourceTree = "<group>";
		};
		94A886652A702D3A0098530D /* src */ = {
			isa = PBXGroup;
			children = (
				9489EB9C2AA5508C0087424D /* plugins */,
				94A886662A702D6A0098530D /* NBSFuseContext.m */,
				94A8866A2A702F430098530D /* NBSFuseSchemeHandler.m */,
				94A886DD2A716A0C0098530D /* NBSFusePlugin.m */,
				94B0A6922AB77790008C291A /* NBSFuseAPIServer.m */,
				9418629C2A9956F100CCFEE1 /* NBSFuseAPIRouter.m */,
				941862A02A995C4F00CCFEE1 /* NBSFuseAPIPacket.m */,
				941862A42A996F7900CCFEE1 /* NBSFuseAPIResponse.m */,
				941862AC2A9FE65E00CCFEE1 /* NBSFuseError.m */,
				9489EBA02AA61A770087424D /* NBSFuseWebviewUIDelegation.m */,
				9489EBA42AA623B70087424D /* NBSFuseViewController.m */,
				9489EBB92AA65A990087424D /* NBSFuseLocalization.m */,
			);
			path = src;
			sourceTree = "<group>";
		};
		B09295BDA9DD81FE38C25D6F /* Frameworks */ = {
			isa = PBXGroup;
			children = (
			);
			name = Frameworks;
			sourceTree = "<group>";
		};
/* End PBXGroup section */

/* Begin PBXHeadersBuildPhase section */
		94A886B62A714F6D0098530D /* Headers */ = {
			isa = PBXHeadersBuildPhase;
			buildActionMask = 2147483647;
			files = (
				94A886DC2A7169920098530D /* NBSFusePlugin.h in Headers */,
				9489EB9F2AA61A1C0087424D /* NBSFuseWebviewUIDelegation.h in Headers */,
				94A886B72A714F6D0098530D /* NBSFuse.h in Headers */,
				9489EBA32AA621A70087424D /* NBSFuseViewController.h in Headers */,
				9418629B2A99564600CCFEE1 /* NBSFuseAPIRouter.h in Headers */,
				94A886B92A714F6D0098530D /* NBSFuseSchemeHandler.h in Headers */,
				9489EBB82AA659D70087424D /* NBSFuseLocalization.h in Headers */,
				941862AB2A9FE5F700CCFEE1 /* NBSFuseError.h in Headers */,
				9489EB982AA54FA40087424D /* NBSFuseRuntime.h in Headers */,
				9418629F2A995BDC00CCFEE1 /* NBSFuseAPIPacket.h in Headers */,
				94B0A68F2AB776DC008C291A /* NBSFuseAPIServer.h in Headers */,
				941862A32A99617100CCFEE1 /* NBSFuseAPIResponse.h in Headers */,
				94A886B82A714F6D0098530D /* NBSFuseContext.h in Headers */,
			);
			runOnlyForDeploymentPostprocessing = 0;
		};
/* End PBXHeadersBuildPhase section */

/* Begin PBXNativeTarget section */
		94A886B52A714F6D0098530D /* NBSFuse */ = {
			isa = PBXNativeTarget;
			buildConfigurationList = 94A886BF2A714F6D0098530D /* Build configuration list for PBXNativeTarget "NBSFuse" */;
			buildPhases = (
				94A886B62A714F6D0098530D /* Headers */,
				94A886BA2A714F6D0098530D /* Sources */,
				94A886BD2A714F6D0098530D /* Frameworks */,
				94A886BE2A714F6D0098530D /* Resources */,
			);
			buildRules = (
			);
			dependencies = (
			);
			name = NBSFuse;
			productName = NBSFuse;
			productReference = 94A886C22A714F6D0098530D /* NBSFuse.framework */;
			productType = "com.apple.product-type.framework";
		};
/* End PBXNativeTarget section */

/* Begin PBXProject section */
		94A886502A702C6C0098530D /* Project object */ = {
			isa = PBXProject;
			attributes = {
				BuildIndependentTargetsInParallel = 1;
				LastUpgradeCheck = 1500;
			};
			buildConfigurationList = 94A886532A702C6C0098530D /* Build configuration list for PBXProject "NBSFuse" */;
			compatibilityVersion = "Xcode 14.0";
			developmentRegion = en;
			hasScannedForEncodings = 0;
			knownRegions = (
				en,
				Base,
			);
			mainGroup = 94A8864F2A702C6C0098530D;
			productRefGroup = 94A8865A2A702C6C0098530D /* Products */;
			projectDirPath = "";
			projectRoot = "";
			targets = (
				94A886B52A714F6D0098530D /* NBSFuse */,
			);
		};
/* End PBXProject section */

/* Begin PBXResourcesBuildPhase section */
		94A886BE2A714F6D0098530D /* Resources */ = {
			isa = PBXResourcesBuildPhase;
			buildActionMask = 2147483647;
			files = (
				9489EBAE2AA6445C0087424D /* Localizable.strings in Resources */,
			);
			runOnlyForDeploymentPostprocessing = 0;
		};
/* End PBXResourcesBuildPhase section */

/* Begin PBXSourcesBuildPhase section */
		94A886BA2A714F6D0098530D /* Sources */ = {
			isa = PBXSourcesBuildPhase;
			buildActionMask = 2147483647;
			files = (
				941862A12A995C4F00CCFEE1 /* NBSFuseAPIPacket.m in Sources */,
				94A886DE2A716A0C0098530D /* NBSFusePlugin.m in Sources */,
				941862AD2A9FE65E00CCFEE1 /* NBSFuseError.m in Sources */,
				9489EBA12AA61A770087424D /* NBSFuseWebviewUIDelegation.m in Sources */,
				94A886BB2A714F6D0098530D /* NBSFuseSchemeHandler.m in Sources */,
				9418629D2A9956F100CCFEE1 /* NBSFuseAPIRouter.m in Sources */,
				9489EB9A2AA54FED0087424D /* NBSFuseRuntime.m in Sources */,
				9489EBA52AA623B70087424D /* NBSFuseViewController.m in Sources */,
				941862A52A996F7900CCFEE1 /* NBSFuseAPIResponse.m in Sources */,
				94B0A6932AB77790008C291A /* NBSFuseAPIServer.m in Sources */,
				9489EBBA2AA65A990087424D /* NBSFuseLocalization.m in Sources */,
				94A886BC2A714F6D0098530D /* NBSFuseContext.m in Sources */,
			);
			runOnlyForDeploymentPostprocessing = 0;
		};
/* End PBXSourcesBuildPhase section */

/* Begin PBXVariantGroup section */
		9489EBB02AA6445C0087424D /* Localizable.strings */ = {
			isa = PBXVariantGroup;
			children = (
				9489EBAF2AA6445C0087424D /* en */,
			);
			name = Localizable.strings;
			sourceTree = "<group>";
		};
/* End PBXVariantGroup section */

/* Begin XCBuildConfiguration section */
		94A8865E2A702C6C0098530D /* Debug */ = {
			isa = XCBuildConfiguration;
			buildSettings = {
				ALWAYS_SEARCH_USER_PATHS = NO;
				CLANG_ANALYZER_NONNULL = YES;
				CLANG_ANALYZER_NUMBER_OBJECT_CONVERSION = YES_AGGRESSIVE;
				CLANG_CXX_LANGUAGE_STANDARD = "gnu++20";
				CLANG_ENABLE_MODULES = YES;
				CLANG_ENABLE_OBJC_ARC = YES;
				CLANG_ENABLE_OBJC_WEAK = YES;
				CLANG_WARN_BLOCK_CAPTURE_AUTORELEASING = YES;
				CLANG_WARN_BOOL_CONVERSION = YES;
				CLANG_WARN_COMMA = YES;
				CLANG_WARN_CONSTANT_CONVERSION = YES;
				CLANG_WARN_DEPRECATED_OBJC_IMPLEMENTATIONS = YES;
				CLANG_WARN_DIRECT_OBJC_ISA_USAGE = YES_ERROR;
				CLANG_WARN_DOCUMENTATION_COMMENTS = YES;
				CLANG_WARN_EMPTY_BODY = YES;
				CLANG_WARN_ENUM_CONVERSION = YES;
				CLANG_WARN_INFINITE_RECURSION = YES;
				CLANG_WARN_INT_CONVERSION = YES;
				CLANG_WARN_NON_LITERAL_NULL_CONVERSION = YES;
				CLANG_WARN_OBJC_IMPLICIT_RETAIN_SELF = YES;
				CLANG_WARN_OBJC_LITERAL_CONVERSION = YES;
				CLANG_WARN_OBJC_ROOT_CLASS = YES_ERROR;
				CLANG_WARN_QUOTED_INCLUDE_IN_FRAMEWORK_HEADER = YES;
				CLANG_WARN_RANGE_LOOP_ANALYSIS = YES;
				CLANG_WARN_STRICT_PROTOTYPES = YES;
				CLANG_WARN_SUSPICIOUS_MOVE = YES;
				CLANG_WARN_UNGUARDED_AVAILABILITY = YES_AGGRESSIVE;
				CLANG_WARN_UNREACHABLE_CODE = YES;
				CLANG_WARN__DUPLICATE_METHOD_MATCH = YES;
				COPY_PHASE_STRIP = NO;
				CURRENT_PROJECT_VERSION = 1;
				DEBUG_INFORMATION_FORMAT = dwarf;
				ENABLE_STRICT_OBJC_MSGSEND = YES;
				ENABLE_TESTABILITY = YES;
				ENABLE_USER_SCRIPT_SANDBOXING = YES;
				GCC_C_LANGUAGE_STANDARD = gnu11;
				GCC_DYNAMIC_NO_PIC = NO;
				GCC_NO_COMMON_BLOCKS = YES;
				GCC_OPTIMIZATION_LEVEL = 0;
				GCC_PREPROCESSOR_DEFINITIONS = (
					"DEBUG=1",
					"$(inherited)",
				);
				GCC_WARN_64_TO_32_BIT_CONVERSION = YES;
				GCC_WARN_ABOUT_RETURN_TYPE = YES_ERROR;
				GCC_WARN_UNDECLARED_SELECTOR = YES;
				GCC_WARN_UNINITIALIZED_AUTOS = YES_AGGRESSIVE;
				GCC_WARN_UNUSED_FUNCTION = YES;
				GCC_WARN_UNUSED_VARIABLE = YES;
				IPHONEOS_DEPLOYMENT_TARGET = 14.0;
				MTL_ENABLE_DEBUG_INFO = INCLUDE_SOURCE;
				MTL_FAST_MATH = YES;
				ONLY_ACTIVE_ARCH = YES;
				SDKROOT = iphoneos;
				VERSIONING_SYSTEM = "apple-generic";
				VERSION_INFO_PREFIX = "";
			};
			name = Debug;
		};
		94A8865F2A702C6C0098530D /* Release */ = {
			isa = XCBuildConfiguration;
			buildSettings = {
				ALWAYS_SEARCH_USER_PATHS = NO;
				CLANG_ANALYZER_NONNULL = YES;
				CLANG_ANALYZER_NUMBER_OBJECT_CONVERSION = YES_AGGRESSIVE;
				CLANG_CXX_LANGUAGE_STANDARD = "gnu++20";
				CLANG_ENABLE_MODULES = YES;
				CLANG_ENABLE_OBJC_ARC = YES;
				CLANG_ENABLE_OBJC_WEAK = YES;
				CLANG_WARN_BLOCK_CAPTURE_AUTORELEASING = YES;
				CLANG_WARN_BOOL_CONVERSION = YES;
				CLANG_WARN_COMMA = YES;
				CLANG_WARN_CONSTANT_CONVERSION = YES;
				CLANG_WARN_DEPRECATED_OBJC_IMPLEMENTATIONS = YES;
				CLANG_WARN_DIRECT_OBJC_ISA_USAGE = YES_ERROR;
				CLANG_WARN_DOCUMENTATION_COMMENTS = YES;
				CLANG_WARN_EMPTY_BODY = YES;
				CLANG_WARN_ENUM_CONVERSION = YES;
				CLANG_WARN_INFINITE_RECURSION = YES;
				CLANG_WARN_INT_CONVERSION = YES;
				CLANG_WARN_NON_LITERAL_NULL_CONVERSION = YES;
				CLANG_WARN_OBJC_IMPLICIT_RETAIN_SELF = YES;
				CLANG_WARN_OBJC_LITERAL_CONVERSION = YES;
				CLANG_WARN_OBJC_ROOT_CLASS = YES_ERROR;
				CLANG_WARN_QUOTED_INCLUDE_IN_FRAMEWORK_HEADER = YES;
				CLANG_WARN_RANGE_LOOP_ANALYSIS = YES;
				CLANG_WARN_STRICT_PROTOTYPES = YES;
				CLANG_WARN_SUSPICIOUS_MOVE = YES;
				CLANG_WARN_UNGUARDED_AVAILABILITY = YES_AGGRESSIVE;
				CLANG_WARN_UNREACHABLE_CODE = YES;
				CLANG_WARN__DUPLICATE_METHOD_MATCH = YES;
				COPY_PHASE_STRIP = NO;
				CURRENT_PROJECT_VERSION = 1;
				DEBUG_INFORMATION_FORMAT = "dwarf-with-dsym";
				ENABLE_NS_ASSERTIONS = NO;
				ENABLE_STRICT_OBJC_MSGSEND = YES;
				ENABLE_USER_SCRIPT_SANDBOXING = YES;
				GCC_C_LANGUAGE_STANDARD = gnu11;
				GCC_NO_COMMON_BLOCKS = YES;
				GCC_WARN_64_TO_32_BIT_CONVERSION = YES;
				GCC_WARN_ABOUT_RETURN_TYPE = YES_ERROR;
				GCC_WARN_UNDECLARED_SELECTOR = YES;
				GCC_WARN_UNINITIALIZED_AUTOS = YES_AGGRESSIVE;
				GCC_WARN_UNUSED_FUNCTION = YES;
				GCC_WARN_UNUSED_VARIABLE = YES;
				IPHONEOS_DEPLOYMENT_TARGET = 14.0;
				MTL_ENABLE_DEBUG_INFO = NO;
				MTL_FAST_MATH = YES;
				SDKROOT = iphoneos;
				VALIDATE_PRODUCT = YES;
				VERSIONING_SYSTEM = "apple-generic";
				VERSION_INFO_PREFIX = "";
			};
			name = Release;
		};
		94A886C02A714F6D0098530D /* Debug */ = {
			isa = XCBuildConfiguration;
			buildSettings = {
				BUILD_LIBRARY_FOR_DISTRIBUTION = NO;
				CODE_SIGN_IDENTITY = "";
				CODE_SIGN_STYLE = Automatic;
				CURRENT_PROJECT_VERSION = 1;
				DEFINES_MODULE = YES;
				DEVELOPMENT_TEAM = AF37P8XHYY;
				DYLIB_COMPATIBILITY_VERSION = 1;
				DYLIB_CURRENT_VERSION = 1;
				DYLIB_INSTALL_NAME_BASE = "@rpath";
				ENABLE_MODULE_VERIFIER = YES;
				GENERATE_INFOPLIST_FILE = YES;
				INFOPLIST_KEY_NSHumanReadableCopyright = "";
				INSTALL_PATH = "$(LOCAL_LIBRARY_DIR)/Frameworks";
				IPHONEOS_DEPLOYMENT_TARGET = 14.0;
				LD_RUNPATH_SEARCH_PATHS = (
					"$(inherited)",
					"@executable_path/Frameworks",
					"@loader_path/Frameworks",
				);
				MARKETING_VERSION = 1.0;
				MODULE_VERIFIER_SUPPORTED_LANGUAGES = "objective-c objective-c++";
				MODULE_VERIFIER_SUPPORTED_LANGUAGE_STANDARDS = "gnu11 gnu++20";
				PRODUCT_BUNDLE_IDENTIFIER = com.nbsolutions.NBSFuse;
				PRODUCT_NAME = "$(TARGET_NAME)";
				SKIP_INSTALL = YES;
				SUPPORTED_PLATFORMS = "iphoneos iphonesimulator";
				SUPPORTS_MACCATALYST = NO;
				SUPPORTS_MAC_DESIGNED_FOR_IPHONE_IPAD = NO;
				SWIFT_EMIT_LOC_STRINGS = YES;
				TARGETED_DEVICE_FAMILY = 1;
			};
			name = Debug;
		};
		94A886C12A714F6D0098530D /* Release */ = {
			isa = XCBuildConfiguration;
			buildSettings = {
				BUILD_LIBRARY_FOR_DISTRIBUTION = YES;
				CODE_SIGN_IDENTITY = "";
				CODE_SIGN_STYLE = Automatic;
				CURRENT_PROJECT_VERSION = 1;
				DEFINES_MODULE = YES;
				DEVELOPMENT_TEAM = AF37P8XHYY;
				DYLIB_COMPATIBILITY_VERSION = 1;
				DYLIB_CURRENT_VERSION = 1;
				DYLIB_INSTALL_NAME_BASE = "@rpath";
				ENABLE_MODULE_VERIFIER = YES;
				GENERATE_INFOPLIST_FILE = YES;
				INFOPLIST_KEY_NSHumanReadableCopyright = "";
				INSTALL_PATH = "$(LOCAL_LIBRARY_DIR)/Frameworks";
				IPHONEOS_DEPLOYMENT_TARGET = 14.0;
				LD_RUNPATH_SEARCH_PATHS = (
					"$(inherited)",
					"@executable_path/Frameworks",
					"@loader_path/Frameworks",
				);
				MARKETING_VERSION = 1.0;
				MODULE_VERIFIER_SUPPORTED_LANGUAGES = "objective-c objective-c++";
				MODULE_VERIFIER_SUPPORTED_LANGUAGE_STANDARDS = "gnu11 gnu++20";
				PRODUCT_BUNDLE_IDENTIFIER = com.nbsolutions.NBSFuse;
				PRODUCT_NAME = "$(TARGET_NAME)";
				SKIP_INSTALL = YES;
				SUPPORTED_PLATFORMS = "iphoneos iphonesimulator";
				SUPPORTS_MACCATALYST = NO;
				SUPPORTS_MAC_DESIGNED_FOR_IPHONE_IPAD = NO;
				SWIFT_EMIT_LOC_STRINGS = YES;
				TARGETED_DEVICE_FAMILY = 1;
			};
			name = Release;
		};
/* End XCBuildConfiguration section */

/* Begin XCConfigurationList section */
		94A886532A702C6C0098530D /* Build configuration list for PBXProject "NBSFuse" */ = {
			isa = XCConfigurationList;
			buildConfigurations = (
				94A8865E2A702C6C0098530D /* Debug */,
				94A8865F2A702C6C0098530D /* Release */,
			);
			defaultConfigurationIsVisible = 0;
			defaultConfigurationName = Release;
		};
		94A886BF2A714F6D0098530D /* Build configuration list for PBXNativeTarget "NBSFuse" */ = {
			isa = XCConfigurationList;
			buildConfigurations = (
				94A886C02A714F6D0098530D /* Debug */,
				94A886C12A714F6D0098530D /* Release */,
			);
			defaultConfigurationIsVisible = 0;
			defaultConfigurationName = Release;
		};
/* End XCConfigurationList section */
	};
	rootObject = 94A886502A702C6C0098530D /* Project object */;
}
